
Microsoft Visual Studio Solution File, Format Version 12.00
# Visual Studio Version 17
VisualStudioVersion = 17.14.37027.9 d17.14
MinimumVisualStudioVersion = 10.0.40219.1
Project("{FAE04EC0-301F-11D3-BF4B-00C04F79EFBC}") = "ShowSkillLimitCompatPatch", "ShowSkillLimitCompatPatch.csproj", "{A3FB1F22-B6EC-47D9-B8A8-8FCBAA92C6D0}"
EndProject
Global
	GlobalSection(SolutionConfigurationPlatforms) = preSolution
		Debug|x64 = Debug|x64
		Release|x64 = Release|x64
	EndGlobalSection
	GlobalSection(ProjectConfigurationPlatforms) = postSolution
		{A3FB1F22-B6EC-47D9-B8A8-8FCBAA92C6D0}.Debug|x64.ActiveCfg = Debug|x64
		{A3FB1F22-B6EC-47D9-B8A8-8FCBAA92C6D0}.Debug|x64.Build.0 = Debug|x64
		{A3FB1F22-B6EC-47D9-B8A8-8FCBAA92C6D0}.Release|x64.ActiveCfg = Release|x64
		{A3FB1F22-B6EC-47D9-B8A8-8FCBAA92C6D0}.Release|x64.Build.0 = Release|x64
	EndGlobalSection
	GlobalSection(SolutionProperties) = preSolution
		HideSolutionNode = FALSE
	EndGlobalSection
	GlobalSection(ExtensibilityGlobals) = postSolution
		SolutionGuid = {2100A587-E0D4-431B-908A-03043361A214}
	EndGlobalSection
EndGlobal
