
Microsoft Visual Studio Solution File, Format Version 12.00
# Visual Studio Version 17
VisualStudioVersion = 17.14.37027.9 d17.14
MinimumVisualStudioVersion = 10.0.40219.1
Project("{FAE04EC0-301F-11D3-BF4B-00C04F79EFBC}") = "ShowSkillLimitCompatPatch", "ShowSkillLimitCompatPatch.csproj", "{A3FB1F22-B6EC-47D9-B8A8-8FCBAA92C6D0}"
EndProject
Global
	GlobalSection(SolutionConfigurationPlatforms) = preSolution
		Debug|Any CPU = Debug|Any CPU
		Release|Any CPU = Release|Any CPU
	EndGlobalSection
	GlobalSection(ProjectConfigurationPlatforms) = postSolution
		{A3FB1F22-B6EC-47D9-B8A8-8FCBAA92C6D0}.Debug|Any CPU.ActiveCfg = Debug|Any CPU
		{A3FB1F22-B6EC-47D9-B8A8-8FCBAA92C6D0}.Debug|Any CPU.Build.0 = Debug|Any CPU
		{A3FB1F22-B6EC-47D9-B8A8-8FCBAA92C6D0}.Release|Any CPU.ActiveCfg = Release|Any CPU
		{A3FB1F22-B6EC-47D9-B8A8-8FCBAA92C6D0}.Release|Any CPU.Build.0 = Release|Any CPU
	EndGlobalSection
	GlobalSection(SolutionProperties) = preSolution
		HideSolutionNode = FALSE
	EndGlobalSection
	GlobalSection(ExtensibilityGlobals) = postSolution
		SolutionGuid = {2100A587-E0D4-431B-908A-03043361A214}
	EndGlobalSection
EndGlobal
